
Microsoft Visual Studio Solution File, Format Version 12.00
# Visual Studio Version 16
VisualStudioVersion = 16.0.29519.87
MinimumVisualStudioVersion = 10.0.40219.1
Project("{FAE04EC0-301F-11D3-BF4B-00C04F79EFBC}") = "WebServer", "WebServer.csproj", "{40FAA1D5-4B51-426C-AA3F-1389CF3FB48A}"
EndProject
Global
	GlobalSection(SolutionConfigurationPlatforms) = preSolution
		Debug|Any CPU = Debug|Any CPU
		Release|Any CPU = Release|Any CPU
	EndGlobalSection
	GlobalSection(ProjectConfigurationPlatforms) = postSolution
		{40FAA1D5-4B51-426C-AA3F-1389CF3FB48A}.Debug|Any CPU.ActiveCfg = Debug|Any CPU
		{40FAA1D5-4B51-426C-AA3F-1389CF3FB48A}.Debug|Any CPU.Build.0 = Debug|Any CPU
		{40FAA1D5-4B51-426C-AA3F-1389CF3FB48A}.Release|Any CPU.ActiveCfg = Release|Any CPU
		{40FAA1D5-4B51-426C-AA3F-1389CF3FB48A}.Release|Any CPU.Build.0 = Release|Any CPU
	EndGlobalSection
	GlobalSection(SolutionProperties) = preSolution
		HideSolutionNode = FALSE
	EndGlobalSection
	GlobalSection(ExtensibilityGlobals) = postSolution
		SolutionGuid = {2D26D2F2-59A8-410E-9807-F1A69EC66852}
	EndGlobalSection
EndGlobal
